
Microsoft Visual Studio Solution File, Format Version 12.00
# Visual Studio Version 17
VisualStudioVersion = 17.2.32630.192
MinimumVisualStudioVersion = 10.0.40219.1
Project("{FAE04EC0-301F-11D3-BF4B-00C04F79EFBC}") = "lesson6", "lesson6\lesson6.csproj", "{542E9B68-6EB2-479E-B66A-05DBCFCAFA3C}"
EndProject
Project("{FAE04EC0-301F-11D3-BF4B-00C04F79EFBC}") = "Internalp", "Internalp\Internalp.csproj", "{91D1EA50-FAF8-4072-9AD0-F7CA8A3589C9}"
EndProject
Global
	GlobalSection(SolutionConfigurationPlatforms) = preSolution
		Debug|Any CPU = Debug|Any CPU
		Release|Any CPU = Release|Any CPU
	EndGlobalSection
	GlobalSection(ProjectConfigurationPlatforms) = postSolution
		{542E9B68-6EB2-479E-B66A-05DBCFCAFA3C}.Debug|Any CPU.ActiveCfg = Debug|Any CPU
		{542E9B68-6EB2-479E-B66A-05DBCFCAFA3C}.Debug|Any CPU.Build.0 = Debug|Any CPU
		{542E9B68-6EB2-479E-B66A-05DBCFCAFA3C}.Release|Any CPU.ActiveCfg = Release|Any CPU
		{542E9B68-6EB2-479E-B66A-05DBCFCAFA3C}.Release|Any CPU.Build.0 = Release|Any CPU
		{91D1EA50-FAF8-4072-9AD0-F7CA8A3589C9}.Debug|Any CPU.ActiveCfg = Debug|Any CPU
		{91D1EA50-FAF8-4072-9AD0-F7CA8A3589C9}.Debug|Any CPU.Build.0 = Debug|Any CPU
		{91D1EA50-FAF8-4072-9AD0-F7CA8A3589C9}.Release|Any CPU.ActiveCfg = Release|Any CPU
		{91D1EA50-FAF8-4072-9AD0-F7CA8A3589C9}.Release|Any CPU.Build.0 = Release|Any CPU
	EndGlobalSection
	GlobalSection(SolutionProperties) = preSolution
		HideSolutionNode = FALSE
	EndGlobalSection
	GlobalSection(ExtensibilityGlobals) = postSolution
		SolutionGuid = {F76AC017-E8BA-4314-BB43-2897D49B6E53}
	EndGlobalSection
EndGlobal
